# This file is automatically @generated by Cargo.
# It is not intended for manual editing.
version = 3

[[package]]
name = "anigo-consumet-plugin"
version = "0.1.0"
dependencies = [
 "anigo-plugin-model",
]

[[package]]
name = "anigo-plugin-model"
version = "0.1.0"
source = "git+https://github.com/anigo-org/anigo-plugin-model?branch=main#065be2a11302ebf08903dc35dda087d83f1951a3"
