# This file is automatically @generated by Cargo.
# It is not intended for manual editing.
version = 3

[[package]]
name = "anigo-consumet-plugin"
version = "0.1.0"
dependencies = [
 "anigo-plugin-model",
]

[[package]]
name = "anigo-plugin-model"
version = "0.1.0"
source = "git+https://github.com/anigo-org/anigo-plugin-model?branch=main#c0d1865f06990bd2707ee9bb2873eb7d2eaf7471"
